
Microsoft Visual Studio Solution File, Format Version 12.00
# Visual Studio Version 16
VisualStudioVersion = 16.0.31129.286
MinimumVisualStudioVersion = 10.0.40219.1
Project("{FAE04EC0-301F-11D3-BF4B-00C04F79EFBC}") = "FullCalendar.AjaxExample", "FullCalendar.AjaxExample\FullCalendar.AjaxExample.csproj", "{9635DB89-C2BF-4156-B022-A578FE924A7F}"
EndProject
Global
	GlobalSection(SolutionConfigurationPlatforms) = preSolution
		Debug|Any CPU = Debug|Any CPU
		Release|Any CPU = Release|Any CPU
	EndGlobalSection
	GlobalSection(ProjectConfigurationPlatforms) = postSolution
		{9635DB89-C2BF-4156-B022-A578FE924A7F}.Debug|Any CPU.ActiveCfg = Debug|Any CPU
		{9635DB89-C2BF-4156-B022-A578FE924A7F}.Debug|Any CPU.Build.0 = Debug|Any CPU
		{9635DB89-C2BF-4156-B022-A578FE924A7F}.Release|Any CPU.ActiveCfg = Release|Any CPU
		{9635DB89-C2BF-4156-B022-A578FE924A7F}.Release|Any CPU.Build.0 = Release|Any CPU
	EndGlobalSection
	GlobalSection(SolutionProperties) = preSolution
		HideSolutionNode = FALSE
	EndGlobalSection
	GlobalSection(ExtensibilityGlobals) = postSolution
		SolutionGuid = {08FA4B9F-7BAB-4FA5-A102-5856729376E9}
	EndGlobalSection
EndGlobal
